
Microsoft Visual Studio Solution File, Format Version 12.00
# Visual Studio Version 16
VisualStudioVersion = 16.0.30104.148
MinimumVisualStudioVersion = 10.0.40219.1
Project("{9A19103F-16F7-4668-BE54-9A1E7A4F7556}") = "Task2", "Task2\Task2.csproj", "{FA4B8A07-1416-415C-9A38-EBB7D0C3BE08}"
EndProject
Project("{9A19103F-16F7-4668-BE54-9A1E7A4F7556}") = "Task3", "Task3\Task3.csproj", "{6433BF0E-6241-4C05-8290-683C9F392AB0}"
EndProject
Project("{9A19103F-16F7-4668-BE54-9A1E7A4F7556}") = "Task4", "Task4\Task4.csproj", "{E7806080-8876-4C20-8972-A7AF0CFB0BB8}"
EndProject
Project("{9A19103F-16F7-4668-BE54-9A1E7A4F7556}") = "Task5", "Task5\Task5.csproj", "{9BCA9053-9660-4B10-AE4A-01325C0BEDAB}"
EndProject
Project("{9A19103F-16F7-4668-BE54-9A1E7A4F7556}") = "Task6", "Task6\Task6.csproj", "{BDE4ABBF-17C8-46B4-91E7-34AE19BCB5B9}"
EndProject
Project("{FAE04EC0-301F-11D3-BF4B-00C04F79EFBC}") = "Task8", "Task8\Task8.csproj", "{E5A92F70-A782-4D53-B1FD-3D38BE8F835A}"
EndProject
Project("{FAE04EC0-301F-11D3-BF4B-00C04F79EFBC}") = "Task7", "Task7\Task7.csproj", "{BD697735-5A35-4733-919E-1BB1FDEE6690}"
EndProject
Global
	GlobalSection(SolutionConfigurationPlatforms) = preSolution
		Debug|Any CPU = Debug|Any CPU
		Release|Any CPU = Release|Any CPU
	EndGlobalSection
	GlobalSection(ProjectConfigurationPlatforms) = postSolution
		{FA4B8A07-1416-415C-9A38-EBB7D0C3BE08}.Debug|Any CPU.ActiveCfg = Debug|Any CPU
		{FA4B8A07-1416-415C-9A38-EBB7D0C3BE08}.Debug|Any CPU.Build.0 = Debug|Any CPU
		{FA4B8A07-1416-415C-9A38-EBB7D0C3BE08}.Release|Any CPU.ActiveCfg = Release|Any CPU
		{FA4B8A07-1416-415C-9A38-EBB7D0C3BE08}.Release|Any CPU.Build.0 = Release|Any CPU
		{6433BF0E-6241-4C05-8290-683C9F392AB0}.Debug|Any CPU.ActiveCfg = Debug|Any CPU
		{6433BF0E-6241-4C05-8290-683C9F392AB0}.Debug|Any CPU.Build.0 = Debug|Any CPU
		{6433BF0E-6241-4C05-8290-683C9F392AB0}.Release|Any CPU.ActiveCfg = Release|Any CPU
		{6433BF0E-6241-4C05-8290-683C9F392AB0}.Release|Any CPU.Build.0 = Release|Any CPU
		{E7806080-8876-4C20-8972-A7AF0CFB0BB8}.Debug|Any CPU.ActiveCfg = Debug|Any CPU
		{E7806080-8876-4C20-8972-A7AF0CFB0BB8}.Debug|Any CPU.Build.0 = Debug|Any CPU
		{E7806080-8876-4C20-8972-A7AF0CFB0BB8}.Release|Any CPU.ActiveCfg = Release|Any CPU
		{E7806080-8876-4C20-8972-A7AF0CFB0BB8}.Release|Any CPU.Build.0 = Release|Any CPU
		{9BCA9053-9660-4B10-AE4A-01325C0BEDAB}.Debug|Any CPU.ActiveCfg = Debug|Any CPU
		{9BCA9053-9660-4B10-AE4A-01325C0BEDAB}.Debug|Any CPU.Build.0 = Debug|Any CPU
		{9BCA9053-9660-4B10-AE4A-01325C0BEDAB}.Release|Any CPU.ActiveCfg = Release|Any CPU
		{9BCA9053-9660-4B10-AE4A-01325C0BEDAB}.Release|Any CPU.Build.0 = Release|Any CPU
		{BDE4ABBF-17C8-46B4-91E7-34AE19BCB5B9}.Debug|Any CPU.ActiveCfg = Debug|Any CPU
		{BDE4ABBF-17C8-46B4-91E7-34AE19BCB5B9}.Debug|Any CPU.Build.0 = Debug|Any CPU
		{BDE4ABBF-17C8-46B4-91E7-34AE19BCB5B9}.Release|Any CPU.ActiveCfg = Release|Any CPU
		{BDE4ABBF-17C8-46B4-91E7-34AE19BCB5B9}.Release|Any CPU.Build.0 = Release|Any CPU
		{E5A92F70-A782-4D53-B1FD-3D38BE8F835A}.Debug|Any CPU.ActiveCfg = Debug|Any CPU
		{E5A92F70-A782-4D53-B1FD-3D38BE8F835A}.Debug|Any CPU.Build.0 = Debug|Any CPU
		{E5A92F70-A782-4D53-B1FD-3D38BE8F835A}.Release|Any CPU.ActiveCfg = Release|Any CPU
		{E5A92F70-A782-4D53-B1FD-3D38BE8F835A}.Release|Any CPU.Build.0 = Release|Any CPU
		{BD697735-5A35-4733-919E-1BB1FDEE6690}.Debug|Any CPU.ActiveCfg = Debug|Any CPU
		{BD697735-5A35-4733-919E-1BB1FDEE6690}.Debug|Any CPU.Build.0 = Debug|Any CPU
		{BD697735-5A35-4733-919E-1BB1FDEE6690}.Release|Any CPU.ActiveCfg = Release|Any CPU
		{BD697735-5A35-4733-919E-1BB1FDEE6690}.Release|Any CPU.Build.0 = Release|Any CPU
	EndGlobalSection
	GlobalSection(SolutionProperties) = preSolution
		HideSolutionNode = FALSE
	EndGlobalSection
	GlobalSection(ExtensibilityGlobals) = postSolution
		SolutionGuid = {CC174986-24E3-4087-9785-FCC68447FF2B}
	EndGlobalSection
EndGlobal
