
Microsoft Visual Studio Solution File, Format Version 12.00
# Visual Studio Version 16
VisualStudioVersion = 16.0.30104.148
MinimumVisualStudioVersion = 10.0.40219.1
Project("{FAE04EC0-301F-11D3-BF4B-00C04F79EFBC}") = "directum-laba", "directum-laba.csproj", "{D78587A2-F20C-4012-8326-F9E9FD3EA84D}"
EndProject
Global
	GlobalSection(SolutionConfigurationPlatforms) = preSolution
		Debug|Any CPU = Debug|Any CPU
		Release|Any CPU = Release|Any CPU
	EndGlobalSection
	GlobalSection(ProjectConfigurationPlatforms) = postSolution
		{D78587A2-F20C-4012-8326-F9E9FD3EA84D}.Debug|Any CPU.ActiveCfg = Debug|Any CPU
		{D78587A2-F20C-4012-8326-F9E9FD3EA84D}.Debug|Any CPU.Build.0 = Debug|Any CPU
		{D78587A2-F20C-4012-8326-F9E9FD3EA84D}.Release|Any CPU.ActiveCfg = Release|Any CPU
		{D78587A2-F20C-4012-8326-F9E9FD3EA84D}.Release|Any CPU.Build.0 = Release|Any CPU
	EndGlobalSection
	GlobalSection(SolutionProperties) = preSolution
		HideSolutionNode = FALSE
	EndGlobalSection
	GlobalSection(ExtensibilityGlobals) = postSolution
		SolutionGuid = {CC174986-24E3-4087-9785-FCC68447FF2B}
	EndGlobalSection
EndGlobal
